// !$*UTF8*$!
{
	archiveVersion = 1;
	classes = {
	};
	objectVersion = 46;
	objects = {

/* Begin PBXBuildFile section */
		180A5FE423D5F4C0007DC0C2 /* Quick.framework in Frameworks */ = {isa = PBXBuildFile; fileRef = 180A5FE223D5F4C0007DC0C2 /* Quick.framework */; };
		180A5FE523D5F4C0007DC0C2 /* Nimble.framework in Frameworks */ = {isa = PBXBuildFile; fileRef = 180A5FE323D5F4C0007DC0C2 /* Nimble.framework */; };
		180A5FE823D67A49007DC0C2 /* RealmSwift.framework in Frameworks */ = {isa = PBXBuildFile; fileRef = 180A5FE623D67A49007DC0C2 /* RealmSwift.framework */; };
		180A5FE923D67A49007DC0C2 /* Realm.framework in Frameworks */ = {isa = PBXBuildFile; fileRef = 180A5FE723D67A49007DC0C2 /* Realm.framework */; };
		180A5FF423D67BEA007DC0C2 /* Realm.framework in Frameworks */ = {isa = PBXBuildFile; fileRef = 180A5FE723D67A49007DC0C2 /* Realm.framework */; };
		180A5FF523D67BEA007DC0C2 /* Realm.framework in Embed Frameworks */ = {isa = PBXBuildFile; fileRef = 180A5FE723D67A49007DC0C2 /* Realm.framework */; settings = {ATTRIBUTES = (CodeSignOnCopy, RemoveHeadersOnCopy, ); }; };
		180A5FF623D67BEA007DC0C2 /* RealmSwift.framework in Frameworks */ = {isa = PBXBuildFile; fileRef = 180A5FE623D67A49007DC0C2 /* RealmSwift.framework */; };
		180A5FF723D67BEA007DC0C2 /* RealmSwift.framework in Embed Frameworks */ = {isa = PBXBuildFile; fileRef = 180A5FE623D67A49007DC0C2 /* RealmSwift.framework */; settings = {ATTRIBUTES = (CodeSignOnCopy, RemoveHeadersOnCopy, ); }; };
		2C3E8EAF1C7C0A5400D74699 /* AppDelegate.swift in Sources */ = {isa = PBXBuildFile; fileRef = 2C3E8EAE1C7C0A5400D74699 /* AppDelegate.swift */; };
		2C3E8EB11C7C0A5400D74699 /* ViewController.swift in Sources */ = {isa = PBXBuildFile; fileRef = 2C3E8EB01C7C0A5400D74699 /* ViewController.swift */; };
		2C3E8EB41C7C0A5400D74699 /* Main.storyboard in Resources */ = {isa = PBXBuildFile; fileRef = 2C3E8EB21C7C0A5400D74699 /* Main.storyboard */; };
		2C3E8EB61C7C0A5400D74699 /* Assets.xcassets in Resources */ = {isa = PBXBuildFile; fileRef = 2C3E8EB51C7C0A5400D74699 /* Assets.xcassets */; };
		2C3E8EB91C7C0A5400D74699 /* LaunchScreen.storyboard in Resources */ = {isa = PBXBuildFile; fileRef = 2C3E8EB71C7C0A5400D74699 /* LaunchScreen.storyboard */; };
		2C3E8EC41C7C0A5400D74699 /* RealmSpec.swift in Sources */ = {isa = PBXBuildFile; fileRef = 2C3E8EC31C7C0A5400D74699 /* RealmSpec.swift */; };
		2C3E8ECF1C7C167200D74699 /* RealmGoods.swift in Sources */ = {isa = PBXBuildFile; fileRef = 2C3E8ECE1C7C167200D74699 /* RealmGoods.swift */; };
		2C3E8ED11C7C182B00D74699 /* Goods.swift in Sources */ = {isa = PBXBuildFile; fileRef = 2C3E8ED01C7C182B00D74699 /* Goods.swift */; };
		2C3E8ED31C7C1BE800D74699 /* DBManager.swift in Sources */ = {isa = PBXBuildFile; fileRef = 2C3E8ED21C7C1BE800D74699 /* DBManager.swift */; };
		2C3E8ED51C8121CF00D74699 /* RealmTests.swift in Sources */ = {isa = PBXBuildFile; fileRef = 2C3E8ED41C8121CF00D74699 /* RealmTests.swift */; };
		2C3E8ED71C81274300D74699 /* RealmTestUtils.swift in Sources */ = {isa = PBXBuildFile; fileRef = 2C3E8ED61C81274300D74699 /* RealmTestUtils.swift */; };
		2C3E8EDD1C940B6F00D74699 /* ComparisonsSpec.swift in Sources */ = {isa = PBXBuildFile; fileRef = 2C3E8EDC1C940B6F00D74699 /* ComparisonsSpec.swift */; };
		2C3E8EDF1C94538900D74699 /* DistinguishClassSpec.swift in Sources */ = {isa = PBXBuildFile; fileRef = 2C3E8EDE1C94538900D74699 /* DistinguishClassSpec.swift */; };
		2C3E8EE11C9458B100D74699 /* TruthinessSpec.swift in Sources */ = {isa = PBXBuildFile; fileRef = 2C3E8EE01C9458B100D74699 /* TruthinessSpec.swift */; };
		2C3E8EE31C946AC700D74699 /* ErrorHandlingSpec.swift in Sources */ = {isa = PBXBuildFile; fileRef = 2C3E8EE21C946AC700D74699 /* ErrorHandlingSpec.swift */; };
		2C3E8EE51C94745700D74699 /* CollectionMembershipSpec.swift in Sources */ = {isa = PBXBuildFile; fileRef = 2C3E8EE41C94745700D74699 /* CollectionMembershipSpec.swift */; };
		2C3E8EE91C94EDD900D74699 /* StringsSpec.swift in Sources */ = {isa = PBXBuildFile; fileRef = 2C3E8EE81C94EDD900D74699 /* StringsSpec.swift */; };
/* End PBXBuildFile section */

/* Begin PBXContainerItemProxy section */
		2C3E8EC01C7C0A5400D74699 /* PBXContainerItemProxy */ = {
			isa = PBXContainerItemProxy;
			containerPortal = 2C3E8EA31C7C0A5400D74699 /* Project object */;
			proxyType = 1;
			remoteGlobalIDString = 2C3E8EAA1C7C0A5400D74699;
			remoteInfo = QuickSample;
		};
/* End PBXContainerItemProxy section */

/* Begin PBXCopyFilesBuildPhase section */
		180A5FF823D67BEA007DC0C2 /* Embed Frameworks */ = {
			isa = PBXCopyFilesBuildPhase;
			buildActionMask = 2147483647;
			dstPath = "";
			dstSubfolderSpec = 10;
			files = (
				180A5FF523D67BEA007DC0C2 /* Realm.framework in Embed Frameworks */,
				180A5FF723D67BEA007DC0C2 /* RealmSwift.framework in Embed Frameworks */,
			);
			name = "Embed Frameworks";
			runOnlyForDeploymentPostprocessing = 0;
		};
/* End PBXCopyFilesBuildPhase section */

/* Begin PBXFileReference section */
		180A5FE223D5F4C0007DC0C2 /* Quick.framework */ = {isa = PBXFileReference; lastKnownFileType = wrapper.framework; name = Quick.framework; path = Carthage/Build/iOS/Quick.framework; sourceTree = "<group>"; };
		180A5FE323D5F4C0007DC0C2 /* Nimble.framework */ = {isa = PBXFileReference; lastKnownFileType = wrapper.framework; name = Nimble.framework; path = Carthage/Build/iOS/Nimble.framework; sourceTree = "<group>"; };
		180A5FE623D67A49007DC0C2 /* RealmSwift.framework */ = {isa = PBXFileReference; lastKnownFileType = wrapper.framework; name = RealmSwift.framework; path = Carthage/Build/iOS/RealmSwift.framework; sourceTree = "<group>"; };
		180A5FE723D67A49007DC0C2 /* Realm.framework */ = {isa = PBXFileReference; lastKnownFileType = wrapper.framework; name = Realm.framework; path = Carthage/Build/iOS/Realm.framework; sourceTree = "<group>"; };
		2C3E8EAB1C7C0A5400D74699 /* QuickSample.app */ = {isa = PBXFileReference; explicitFileType = wrapper.application; includeInIndex = 0; path = QuickSample.app; sourceTree = BUILT_PRODUCTS_DIR; };
		2C3E8EAE1C7C0A5400D74699 /* AppDelegate.swift */ = {isa = PBXFileReference; lastKnownFileType = sourcecode.swift; path = AppDelegate.swift; sourceTree = "<group>"; };
		2C3E8EB01C7C0A5400D74699 /* ViewController.swift */ = {isa = PBXFileReference; lastKnownFileType = sourcecode.swift; path = ViewController.swift; sourceTree = "<group>"; };
		2C3E8EB31C7C0A5400D74699 /* Base */ = {isa = PBXFileReference; lastKnownFileType = file.storyboard; name = Base; path = Base.lproj/Main.storyboard; sourceTree = "<group>"; };
		2C3E8EB51C7C0A5400D74699 /* Assets.xcassets */ = {isa = PBXFileReference; lastKnownFileType = folder.assetcatalog; path = Assets.xcassets; sourceTree = "<group>"; };
		2C3E8EB81C7C0A5400D74699 /* Base */ = {isa = PBXFileReference; lastKnownFileType = file.storyboard; name = Base; path = Base.lproj/LaunchScreen.storyboard; sourceTree = "<group>"; };
		2C3E8EBA1C7C0A5400D74699 /* Info.plist */ = {isa = PBXFileReference; lastKnownFileType = text.plist.xml; path = Info.plist; sourceTree = "<group>"; };
		2C3E8EBF1C7C0A5400D74699 /* QuickSampleTests.xctest */ = {isa = PBXFileReference; explicitFileType = wrapper.cfbundle; includeInIndex = 0; path = QuickSampleTests.xctest; sourceTree = BUILT_PRODUCTS_DIR; };
		2C3E8EC31C7C0A5400D74699 /* RealmSpec.swift */ = {isa = PBXFileReference; lastKnownFileType = sourcecode.swift; path = RealmSpec.swift; sourceTree = "<group>"; };
		2C3E8EC51C7C0A5400D74699 /* Info.plist */ = {isa = PBXFileReference; lastKnownFileType = text.plist.xml; path = Info.plist; sourceTree = "<group>"; };
		2C3E8ECE1C7C167200D74699 /* RealmGoods.swift */ = {isa = PBXFileReference; fileEncoding = 4; lastKnownFileType = sourcecode.swift; path = RealmGoods.swift; sourceTree = "<group>"; };
		2C3E8ED01C7C182B00D74699 /* Goods.swift */ = {isa = PBXFileReference; fileEncoding = 4; lastKnownFileType = sourcecode.swift; path = Goods.swift; sourceTree = "<group>"; };
		2C3E8ED21C7C1BE800D74699 /* DBManager.swift */ = {isa = PBXFileReference; fileEncoding = 4; lastKnownFileType = sourcecode.swift; path = DBManager.swift; sourceTree = "<group>"; };
		2C3E8ED41C8121CF00D74699 /* RealmTests.swift */ = {isa = PBXFileReference; fileEncoding = 4; lastKnownFileType = sourcecode.swift; path = RealmTests.swift; sourceTree = "<group>"; };
		2C3E8ED61C81274300D74699 /* RealmTestUtils.swift */ = {isa = PBXFileReference; fileEncoding = 4; lastKnownFileType = sourcecode.swift; path = RealmTestUtils.swift; sourceTree = "<group>"; };
		2C3E8EDC1C940B6F00D74699 /* ComparisonsSpec.swift */ = {isa = PBXFileReference; fileEncoding = 4; lastKnownFileType = sourcecode.swift; path = ComparisonsSpec.swift; sourceTree = "<group>"; };
		2C3E8EDE1C94538900D74699 /* DistinguishClassSpec.swift */ = {isa = PBXFileReference; fileEncoding = 4; lastKnownFileType = sourcecode.swift; path = DistinguishClassSpec.swift; sourceTree = "<group>"; };
		2C3E8EE01C9458B100D74699 /* TruthinessSpec.swift */ = {isa = PBXFileReference; fileEncoding = 4; lastKnownFileType = sourcecode.swift; path = TruthinessSpec.swift; sourceTree = "<group>"; };
		2C3E8EE21C946AC700D74699 /* ErrorHandlingSpec.swift */ = {isa = PBXFileReference; fileEncoding = 4; lastKnownFileType = sourcecode.swift; path = ErrorHandlingSpec.swift; sourceTree = "<group>"; };
		2C3E8EE41C94745700D74699 /* CollectionMembershipSpec.swift */ = {isa = PBXFileReference; fileEncoding = 4; lastKnownFileType = sourcecode.swift; path = CollectionMembershipSpec.swift; sourceTree = "<group>"; };
		2C3E8EE81C94EDD900D74699 /* StringsSpec.swift */ = {isa = PBXFileReference; fileEncoding = 4; lastKnownFileType = sourcecode.swift; path = StringsSpec.swift; sourceTree = "<group>"; };
/* End PBXFileReference section */

/* Begin PBXFrameworksBuildPhase section */
		2C3E8EA81C7C0A5400D74699 /* Frameworks */ = {
			isa = PBXFrameworksBuildPhase;
			buildActionMask = 2147483647;
			files = (
				180A5FF423D67BEA007DC0C2 /* Realm.framework in Frameworks */,
				180A5FF623D67BEA007DC0C2 /* RealmSwift.framework in Frameworks */,
			);
			runOnlyForDeploymentPostprocessing = 0;
		};
		2C3E8EBC1C7C0A5400D74699 /* Frameworks */ = {
			isa = PBXFrameworksBuildPhase;
			buildActionMask = 2147483647;
			files = (
				180A5FE423D5F4C0007DC0C2 /* Quick.framework in Frameworks */,
				180A5FE523D5F4C0007DC0C2 /* Nimble.framework in Frameworks */,
				180A5FE823D67A49007DC0C2 /* RealmSwift.framework in Frameworks */,
				180A5FE923D67A49007DC0C2 /* Realm.framework in Frameworks */,
			);
			runOnlyForDeploymentPostprocessing = 0;
		};
/* End PBXFrameworksBuildPhase section */

/* Begin PBXGroup section */
		2C3E8EA21C7C0A5400D74699 = {
			isa = PBXGroup;
			children = (
				2C3E8EAD1C7C0A5400D74699 /* QuickSample */,
				2C3E8EC21C7C0A5400D74699 /* QuickSampleTests */,
				2C3E8EAC1C7C0A5400D74699 /* Products */,
				660FD56C769CE3B6BCE1E682 /* Frameworks */,
			);
			sourceTree = "<group>";
		};
		2C3E8EAC1C7C0A5400D74699 /* Products */ = {
			isa = PBXGroup;
			children = (
				2C3E8EAB1C7C0A5400D74699 /* QuickSample.app */,
				2C3E8EBF1C7C0A5400D74699 /* QuickSampleTests.xctest */,
			);
			name = Products;
			sourceTree = "<group>";
		};
		2C3E8EAD1C7C0A5400D74699 /* QuickSample */ = {
			isa = PBXGroup;
			children = (
				2C3E8EAE1C7C0A5400D74699 /* AppDelegate.swift */,
				2C3E8EB01C7C0A5400D74699 /* ViewController.swift */,
				2C3E8ED21C7C1BE800D74699 /* DBManager.swift */,
				2C3E8ECE1C7C167200D74699 /* RealmGoods.swift */,
				2C3E8ED01C7C182B00D74699 /* Goods.swift */,
				2C3E8EB21C7C0A5400D74699 /* Main.storyboard */,
				2C3E8EB51C7C0A5400D74699 /* Assets.xcassets */,
				2C3E8EB71C7C0A5400D74699 /* LaunchScreen.storyboard */,
				2C3E8EBA1C7C0A5400D74699 /* Info.plist */,
			);
			path = QuickSample;
			sourceTree = "<group>";
		};
		2C3E8EC21C7C0A5400D74699 /* QuickSampleTests */ = {
			isa = PBXGroup;
			children = (
				2C3E8ED61C81274300D74699 /* RealmTestUtils.swift */,
				2C3E8EC31C7C0A5400D74699 /* RealmSpec.swift */,
				2C3E8ED41C8121CF00D74699 /* RealmTests.swift */,
				2C3E8EDC1C940B6F00D74699 /* ComparisonsSpec.swift */,
				2C3E8EDE1C94538900D74699 /* DistinguishClassSpec.swift */,
				2C3E8EE01C9458B100D74699 /* TruthinessSpec.swift */,
				2C3E8EE21C946AC700D74699 /* ErrorHandlingSpec.swift */,
				2C3E8EE41C94745700D74699 /* CollectionMembershipSpec.swift */,
				2C3E8EE81C94EDD900D74699 /* StringsSpec.swift */,
				2C3E8EC51C7C0A5400D74699 /* Info.plist */,
			);
			path = QuickSampleTests;
			sourceTree = "<group>";
		};
		660FD56C769CE3B6BCE1E682 /* Frameworks */ = {
			isa = PBXGroup;
			children = (
				180A5FE723D67A49007DC0C2 /* Realm.framework */,
				180A5FE623D67A49007DC0C2 /* RealmSwift.framework */,
				180A5FE323D5F4C0007DC0C2 /* Nimble.framework */,
				180A5FE223D5F4C0007DC0C2 /* Quick.framework */,
			);
			name = Frameworks;
			sourceTree = "<group>";
		};
/* End PBXGroup section */

/* Begin PBXNativeTarget section */
		2C3E8EAA1C7C0A5400D74699 /* QuickSample */ = {
			isa = PBXNativeTarget;
			buildConfigurationList = 2C3E8EC81C7C0A5400D74699 /* Build configuration list for PBXNativeTarget "QuickSample" */;
			buildPhases = (
				2C3E8EA71C7C0A5400D74699 /* Sources */,
				2C3E8EA81C7C0A5400D74699 /* Frameworks */,
				2C3E8EA91C7C0A5400D74699 /* Resources */,
				180A5FF823D67BEA007DC0C2 /* Embed Frameworks */,
				180A5FF923D6E9CB007DC0C2 /* ShellScript */,
			);
			buildRules = (
			);
			dependencies = (
			);
			name = QuickSample;
			productName = QuickSample;
			productReference = 2C3E8EAB1C7C0A5400D74699 /* QuickSample.app */;
			productType = "com.apple.product-type.application";
		};
		2C3E8EBE1C7C0A5400D74699 /* QuickSampleTests */ = {
			isa = PBXNativeTarget;
			buildConfigurationList = 2C3E8ECB1C7C0A5400D74699 /* Build configuration list for PBXNativeTarget "QuickSampleTests" */;
			buildPhases = (
				2C3E8EBB1C7C0A5400D74699 /* Sources */,
				2C3E8EBC1C7C0A5400D74699 /* Frameworks */,
				2C3E8EBD1C7C0A5400D74699 /* Resources */,
				180A5FEF23D67AC8007DC0C2 /* ShellScript */,
			);
			buildRules = (
			);
			dependencies = (
				2C3E8EC11C7C0A5400D74699 /* PBXTargetDependency */,
			);
			name = QuickSampleTests;
			productName = QuickSampleTests;
			productReference = 2C3E8EBF1C7C0A5400D74699 /* QuickSampleTests.xctest */;
			productType = "com.apple.product-type.bundle.unit-test";
		};
/* End PBXNativeTarget section */

/* Begin PBXProject section */
		2C3E8EA31C7C0A5400D74699 /* Project object */ = {
			isa = PBXProject;
			attributes = {
				LastSwiftUpdateCheck = 0720;
				LastUpgradeCheck = 1130;
				ORGANIZATIONNAME = niji;
				TargetAttributes = {
					2C3E8EAA1C7C0A5400D74699 = {
						CreatedOnToolsVersion = 7.2.1;
						DevelopmentTeam = 5K55PQ8BSJ;
					};
					2C3E8EBE1C7C0A5400D74699 = {
						CreatedOnToolsVersion = 7.2.1;
						DevelopmentTeam = 5K55PQ8BSJ;
						TestTargetID = 2C3E8EAA1C7C0A5400D74699;
					};
				};
			};
			buildConfigurationList = 2C3E8EA61C7C0A5400D74699 /* Build configuration list for PBXProject "QuickSample" */;
			compatibilityVersion = "Xcode 3.2";
			developmentRegion = en;
			hasScannedForEncodings = 0;
			knownRegions = (
				en,
				Base,
			);
			mainGroup = 2C3E8EA21C7C0A5400D74699;
			productRefGroup = 2C3E8EAC1C7C0A5400D74699 /* Products */;
			projectDirPath = "";
			projectRoot = "";
			targets = (
				2C3E8EAA1C7C0A5400D74699 /* QuickSample */,
				2C3E8EBE1C7C0A5400D74699 /* QuickSampleTests */,
			);
		};
/* End PBXProject section */

/* Begin PBXResourcesBuildPhase section */
		2C3E8EA91C7C0A5400D74699 /* Resources */ = {
			isa = PBXResourcesBuildPhase;
			buildActionMask = 2147483647;
			files = (
				2C3E8EB91C7C0A5400D74699 /* LaunchScreen.storyboard in Resources */,
				2C3E8EB61C7C0A5400D74699 /* Assets.xcassets in Resources */,
				2C3E8EB41C7C0A5400D74699 /* Main.storyboard in Resources */,
			);
			runOnlyForDeploymentPostprocessing = 0;
		};
		2C3E8EBD1C7C0A5400D74699 /* Resources */ = {
			isa = PBXResourcesBuildPhase;
			buildActionMask = 2147483647;
			files = (
			);
			runOnlyForDeploymentPostprocessing = 0;
		};
/* End PBXResourcesBuildPhase section */

/* Begin PBXShellScriptBuildPhase section */
		180A5FEF23D67AC8007DC0C2 /* ShellScript */ = {
			isa = PBXShellScriptBuildPhase;
			buildActionMask = 2147483647;
			files = (
			);
			inputFileListPaths = (
			);
			inputPaths = (
				"$(SRCROOT)/Carthage/Build/iOS/Realm.framework",
				"$(SRCROOT)/Carthage/Build/iOS/RealmSwift.framework",
				"$(SRCROOT)/Carthage/Build/iOS/Quick.framework",
				"$(SRCROOT)/Carthage/Build/iOS/Nimble.framework",
			);
			outputFileListPaths = (
			);
			outputPaths = (
			);
			runOnlyForDeploymentPostprocessing = 0;
			shellPath = /bin/sh;
			shellScript = "/usr/local/bin/carthage copy-frameworks\n";
		};
		180A5FF923D6E9CB007DC0C2 /* ShellScript */ = {
			isa = PBXShellScriptBuildPhase;
			buildActionMask = 2147483647;
			files = (
			);
			inputFileListPaths = (
			);
			inputPaths = (
				"$(SRCROOT)/Carthage/Build/iOS/Realm.framework",
				"$(SRCROOT)/Carthage/Build/iOS/RealmSwift.framework",
			);
			outputFileListPaths = (
			);
			outputPaths = (
			);
			runOnlyForDeploymentPostprocessing = 0;
			shellPath = /bin/sh;
			shellScript = "/usr/local/bin/carthage copy-frameworks\n";
		};
/* End PBXShellScriptBuildPhase section */

/* Begin PBXSourcesBuildPhase section */
		2C3E8EA71C7C0A5400D74699 /* Sources */ = {
			isa = PBXSourcesBuildPhase;
			buildActionMask = 2147483647;
			files = (
				2C3E8ED31C7C1BE800D74699 /* DBManager.swift in Sources */,
				2C3E8EB11C7C0A5400D74699 /* ViewController.swift in Sources */,
				2C3E8ECF1C7C167200D74699 /* RealmGoods.swift in Sources */,
				2C3E8ED11C7C182B00D74699 /* Goods.swift in Sources */,
				2C3E8EAF1C7C0A5400D74699 /* AppDelegate.swift in Sources */,
			);
			runOnlyForDeploymentPostprocessing = 0;
		};
		2C3E8EBB1C7C0A5400D74699 /* Sources */ = {
			isa = PBXSourcesBuildPhase;
			buildActionMask = 2147483647;
			files = (
				2C3E8ED71C81274300D74699 /* RealmTestUtils.swift in Sources */,
				2C3E8EE91C94EDD900D74699 /* StringsSpec.swift in Sources */,
				2C3E8EDD1C940B6F00D74699 /* ComparisonsSpec.swift in Sources */,
				2C3E8EC41C7C0A5400D74699 /* RealmSpec.swift in Sources */,
				2C3E8EDF1C94538900D74699 /* DistinguishClassSpec.swift in Sources */,
				2C3E8EE51C94745700D74699 /* CollectionMembershipSpec.swift in Sources */,
				2C3E8EE31C946AC700D74699 /* ErrorHandlingSpec.swift in Sources */,
				2C3E8ED51C8121CF00D74699 /* RealmTests.swift in Sources */,
				2C3E8EE11C9458B100D74699 /* TruthinessSpec.swift in Sources */,
			);
			runOnlyForDeploymentPostprocessing = 0;
		};
/* End PBXSourcesBuildPhase section */

/* Begin PBXTargetDependency section */
		2C3E8EC11C7C0A5400D74699 /* PBXTargetDependency */ = {
			isa = PBXTargetDependency;
			target = 2C3E8EAA1C7C0A5400D74699 /* QuickSample */;
			targetProxy = 2C3E8EC01C7C0A5400D74699 /* PBXContainerItemProxy */;
		};
/* End PBXTargetDependency section */

/* Begin PBXVariantGroup section */
		2C3E8EB21C7C0A5400D74699 /* Main.storyboard */ = {
			isa = PBXVariantGroup;
			children = (
				2C3E8EB31C7C0A5400D74699 /* Base */,
			);
			name = Main.storyboard;
			sourceTree = "<group>";
		};
		2C3E8EB71C7C0A5400D74699 /* LaunchScreen.storyboard */ = {
			isa = PBXVariantGroup;
			children = (
				2C3E8EB81C7C0A5400D74699 /* Base */,
			);
			name = LaunchScreen.storyboard;
			sourceTree = "<group>";
		};
/* End PBXVariantGroup section */

/* Begin XCBuildConfiguration section */
		2C3E8EC61C7C0A5400D74699 /* Debug */ = {
			isa = XCBuildConfiguration;
			buildSettings = {
				ALWAYS_SEARCH_USER_PATHS = NO;
				CLANG_ANALYZER_LOCALIZABILITY_NONLOCALIZED = YES;
				CLANG_CXX_LANGUAGE_STANDARD = "gnu++0x";
				CLANG_CXX_LIBRARY = "libc++";
				CLANG_ENABLE_MODULES = YES;
				CLANG_ENABLE_OBJC_ARC = YES;
				CLANG_WARN_BLOCK_CAPTURE_AUTORELEASING = YES;
				CLANG_WARN_BOOL_CONVERSION = YES;
				CLANG_WARN_COMMA = YES;
				CLANG_WARN_CONSTANT_CONVERSION = YES;
				CLANG_WARN_DEPRECATED_OBJC_IMPLEMENTATIONS = YES;
				CLANG_WARN_DIRECT_OBJC_ISA_USAGE = YES_ERROR;
				CLANG_WARN_EMPTY_BODY = YES;
				CLANG_WARN_ENUM_CONVERSION = YES;
				CLANG_WARN_INFINITE_RECURSION = YES;
				CLANG_WARN_INT_CONVERSION = YES;
				CLANG_WARN_NON_LITERAL_NULL_CONVERSION = YES;
				CLANG_WARN_OBJC_IMPLICIT_RETAIN_SELF = YES;
				CLANG_WARN_OBJC_LITERAL_CONVERSION = YES;
				CLANG_WARN_OBJC_ROOT_CLASS = YES_ERROR;
				CLANG_WARN_RANGE_LOOP_ANALYSIS = YES;
				CLANG_WARN_STRICT_PROTOTYPES = YES;
				CLANG_WARN_SUSPICIOUS_MOVE = YES;
				CLANG_WARN_UNREACHABLE_CODE = YES;
				CLANG_WARN__DUPLICATE_METHOD_MATCH = YES;
				"CODE_SIGN_IDENTITY[sdk=iphoneos*]" = "iPhone Developer";
				COPY_PHASE_STRIP = NO;
				DEBUG_INFORMATION_FORMAT = dwarf;
				ENABLE_STRICT_OBJC_MSGSEND = YES;
				ENABLE_TESTABILITY = YES;
				GCC_C_LANGUAGE_STANDARD = gnu99;
				GCC_DYNAMIC_NO_PIC = NO;
				GCC_NO_COMMON_BLOCKS = YES;
				GCC_OPTIMIZATION_LEVEL = 0;
				GCC_PREPROCESSOR_DEFINITIONS = (
					"DEBUG=1",
					"$(inherited)",
				);
				GCC_WARN_64_TO_32_BIT_CONVERSION = YES;
				GCC_WARN_ABOUT_RETURN_TYPE = YES_ERROR;
				GCC_WARN_UNDECLARED_SELECTOR = YES;
				GCC_WARN_UNINITIALIZED_AUTOS = YES_AGGRESSIVE;
				GCC_WARN_UNUSED_FUNCTION = YES;
				GCC_WARN_UNUSED_VARIABLE = YES;
				IPHONEOS_DEPLOYMENT_TARGET = 9.2;
				MTL_ENABLE_DEBUG_INFO = YES;
				ONLY_ACTIVE_ARCH = YES;
				SDKROOT = iphoneos;
				SWIFT_OPTIMIZATION_LEVEL = "-Onone";
			};
			name = Debug;
		};
		2C3E8EC71C7C0A5400D74699 /* Release */ = {
			isa = XCBuildConfiguration;
			buildSettings = {
				ALWAYS_SEARCH_USER_PATHS = NO;
				CLANG_ANALYZER_LOCALIZABILITY_NONLOCALIZED = YES;
				CLANG_CXX_LANGUAGE_STANDARD = "gnu++0x";
				CLANG_CXX_LIBRARY = "libc++";
				CLANG_ENABLE_MODULES = YES;
				CLANG_ENABLE_OBJC_ARC = YES;
				CLANG_WARN_BLOCK_CAPTURE_AUTORELEASING = YES;
				CLANG_WARN_BOOL_CONVERSION = YES;
				CLANG_WARN_COMMA = YES;
				CLANG_WARN_CONSTANT_CONVERSION = YES;
				CLANG_WARN_DEPRECATED_OBJC_IMPLEMENTATIONS = YES;
				CLANG_WARN_DIRECT_OBJC_ISA_USAGE = YES_ERROR;
				CLANG_WARN_EMPTY_BODY = YES;
				CLANG_WARN_ENUM_CONVERSION = YES;
				CLANG_WARN_INFINITE_RECURSION = YES;
				CLANG_WARN_INT_CONVERSION = YES;
				CLANG_WARN_NON_LITERAL_NULL_CONVERSION = YES;
				CLANG_WARN_OBJC_IMPLICIT_RETAIN_SELF = YES;
				CLANG_WARN_OBJC_LITERAL_CONVERSION = YES;
				CLANG_WARN_OBJC_ROOT_CLASS = YES_ERROR;
				CLANG_WARN_RANGE_LOOP_ANALYSIS = YES;
				CLANG_WARN_STRICT_PROTOTYPES = YES;
				CLANG_WARN_SUSPICIOUS_MOVE = YES;
				CLANG_WARN_UNREACHABLE_CODE = YES;
				CLANG_WARN__DUPLICATE_METHOD_MATCH = YES;
				"CODE_SIGN_IDENTITY[sdk=iphoneos*]" = "iPhone Developer";
				COPY_PHASE_STRIP = NO;
				DEBUG_INFORMATION_FORMAT = "dwarf-with-dsym";
				ENABLE_NS_ASSERTIONS = NO;
				ENABLE_STRICT_OBJC_MSGSEND = YES;
				GCC_C_LANGUAGE_STANDARD = gnu99;
				GCC_NO_COMMON_BLOCKS = YES;
				GCC_WARN_64_TO_32_BIT_CONVERSION = YES;
				GCC_WARN_ABOUT_RETURN_TYPE = YES_ERROR;
				GCC_WARN_UNDECLARED_SELECTOR = YES;
				GCC_WARN_UNINITIALIZED_AUTOS = YES_AGGRESSIVE;
				GCC_WARN_UNUSED_FUNCTION = YES;
				GCC_WARN_UNUSED_VARIABLE = YES;
				IPHONEOS_DEPLOYMENT_TARGET = 9.2;
				MTL_ENABLE_DEBUG_INFO = NO;
				SDKROOT = iphoneos;
				SWIFT_COMPILATION_MODE = wholemodule;
				VALIDATE_PRODUCT = YES;
			};
			name = Release;
		};
		2C3E8EC91C7C0A5400D74699 /* Debug */ = {
			isa = XCBuildConfiguration;
			buildSettings = {
				ASSETCATALOG_COMPILER_APPICON_NAME = AppIcon;
				FRAMEWORK_SEARCH_PATHS = (
					"$(inherited)",
					"$(PROJECT_DIR)/Carthage/Build/iOS",
				);
				INFOPLIST_FILE = QuickSample/Info.plist;
				LD_RUNPATH_SEARCH_PATHS = "$(inherited) @executable_path/Frameworks";
				PRODUCT_BUNDLE_IDENTIFIER = com.akatsuki174.QuickSample;
				PRODUCT_NAME = "$(TARGET_NAME)";
				SWIFT_VERSION = 5.0;
			};
			name = Debug;
		};
		2C3E8ECA1C7C0A5400D74699 /* Release */ = {
			isa = XCBuildConfiguration;
			buildSettings = {
				ASSETCATALOG_COMPILER_APPICON_NAME = AppIcon;
				FRAMEWORK_SEARCH_PATHS = (
					"$(inherited)",
					"$(PROJECT_DIR)/Carthage/Build/iOS",
				);
				INFOPLIST_FILE = QuickSample/Info.plist;
				LD_RUNPATH_SEARCH_PATHS = "$(inherited) @executable_path/Frameworks";
				PRODUCT_BUNDLE_IDENTIFIER = com.akatsuki174.QuickSample;
				PRODUCT_NAME = "$(TARGET_NAME)";
				SWIFT_VERSION = 5.0;
			};
			name = Release;
		};
		2C3E8ECC1C7C0A5400D74699 /* Debug */ = {
			isa = XCBuildConfiguration;
			buildSettings = {
				BUNDLE_LOADER = "$(TEST_HOST)";
				FRAMEWORK_SEARCH_PATHS = (
					"$(inherited)",
					"$(PROJECT_DIR)/Carthage/Build/iOS",
				);
				INFOPLIST_FILE = QuickSampleTests/Info.plist;
				LD_RUNPATH_SEARCH_PATHS = "$(inherited) @executable_path/Frameworks @loader_path/Frameworks";
				PRODUCT_BUNDLE_IDENTIFIER = com.akatsuki174.QuickSampleTests;
				PRODUCT_NAME = "$(TARGET_NAME)";
				SWIFT_VERSION = 5.0;
				TEST_HOST = "$(BUILT_PRODUCTS_DIR)/QuickSample.app/QuickSample";
			};
			name = Debug;
		};
		2C3E8ECD1C7C0A5400D74699 /* Release */ = {
			isa = XCBuildConfiguration;
			buildSettings = {
				BUNDLE_LOADER = "$(TEST_HOST)";
				FRAMEWORK_SEARCH_PATHS = (
					"$(inherited)",
					"$(PROJECT_DIR)/Carthage/Build/iOS",
				);
				INFOPLIST_FILE = QuickSampleTests/Info.plist;
				LD_RUNPATH_SEARCH_PATHS = "$(inherited) @executable_path/Frameworks @loader_path/Frameworks";
				PRODUCT_BUNDLE_IDENTIFIER = com.akatsuki174.QuickSampleTests;
				PRODUCT_NAME = "$(TARGET_NAME)";
				SWIFT_VERSION = 5.0;
				TEST_HOST = "$(BUILT_PRODUCTS_DIR)/QuickSample.app/QuickSample";
			};
			name = Release;
		};
/* End XCBuildConfiguration section */

/* Begin XCConfigurationList section */
		2C3E8EA61C7C0A5400D74699 /* Build configuration list for PBXProject "QuickSample" */ = {
			isa = XCConfigurationList;
			buildConfigurations = (
				2C3E8EC61C7C0A5400D74699 /* Debug */,
				2C3E8EC71C7C0A5400D74699 /* Release */,
			);
			defaultConfigurationIsVisible = 0;
			defaultConfigurationName = Release;
		};
		2C3E8EC81C7C0A5400D74699 /* Build configuration list for PBXNativeTarget "QuickSample" */ = {
			isa = XCConfigurationList;
			buildConfigurations = (
				2C3E8EC91C7C0A5400D74699 /* Debug */,
				2C3E8ECA1C7C0A5400D74699 /* Release */,
			);
			defaultConfigurationIsVisible = 0;
			defaultConfigurationName = Release;
		};
		2C3E8ECB1C7C0A5400D74699 /* Build configuration list for PBXNativeTarget "QuickSampleTests" */ = {
			isa = XCConfigurationList;
			buildConfigurations = (
				2C3E8ECC1C7C0A5400D74699 /* Debug */,
				2C3E8ECD1C7C0A5400D74699 /* Release */,
			);
			defaultConfigurationIsVisible = 0;
			defaultConfigurationName = Release;
		};
/* End XCConfigurationList section */
	};
	rootObject = 2C3E8EA31C7C0A5400D74699 /* Project object */;
}
